
Microsoft Visual Studio Solution File, Format Version 12.00
# TcXaeShell Solution File, Format Version 11.00
VisualStudioVersion = 15.0.34829.251
MinimumVisualStudioVersion = 10.0.40219.1
Project("{B1E792BE-AA5F-4E3C-8C82-674BF9C0715B}") = "Spa Flipper 2.1", "Spa Flipper 2.1\Spa Flipper 2.1.tsproj", "{8329C0B3-86F6-486C-8BA1-4F35A3D38D9A}"
EndProject
Project("{BACAAE27-5D5D-4513-97FF-0FED82FEF961}") = "OPC_UA", "OPC_UA\OPC_UA.tcconnproj", "{5664FAFF-4C5C-4B52-AEE6-CD4F32D06FD6}"
EndProject
Global
	GlobalSection(SolutionConfigurationPlatforms) = preSolution
		Debug|TwinCAT CE7 (ARMV7) = Debug|TwinCAT CE7 (ARMV7)
		Debug|TwinCAT OS (ARMT2) = Debug|TwinCAT OS (ARMT2)
		Debug|TwinCAT RT (x64) = Debug|TwinCAT RT (x64)
		Debug|TwinCAT RT (x86) = Debug|TwinCAT RT (x86)
		Release|TwinCAT CE7 (ARMV7) = Release|TwinCAT CE7 (ARMV7)
		Release|TwinCAT OS (ARMT2) = Release|TwinCAT OS (ARMT2)
		Release|TwinCAT RT (x64) = Release|TwinCAT RT (x64)
		Release|TwinCAT RT (x86) = Release|TwinCAT RT (x86)
	EndGlobalSection
	GlobalSection(ProjectConfigurationPlatforms) = postSolution
		{8329C0B3-86F6-486C-8BA1-4F35A3D38D9A}.Debug|TwinCAT CE7 (ARMV7).ActiveCfg = Debug|TwinCAT CE7 (ARMV7)
		{8329C0B3-86F6-486C-8BA1-4F35A3D38D9A}.Debug|TwinCAT CE7 (ARMV7).Build.0 = Debug|TwinCAT CE7 (ARMV7)
		{8329C0B3-86F6-486C-8BA1-4F35A3D38D9A}.Debug|TwinCAT OS (ARMT2).ActiveCfg = Debug|TwinCAT OS (ARMT2)
		{8329C0B3-86F6-486C-8BA1-4F35A3D38D9A}.Debug|TwinCAT OS (ARMT2).Build.0 = Debug|TwinCAT OS (ARMT2)
		{8329C0B3-86F6-486C-8BA1-4F35A3D38D9A}.Debug|TwinCAT RT (x64).ActiveCfg = Debug|TwinCAT RT (x64)
		{8329C0B3-86F6-486C-8BA1-4F35A3D38D9A}.Debug|TwinCAT RT (x64).Build.0 = Debug|TwinCAT RT (x64)
		{8329C0B3-86F6-486C-8BA1-4F35A3D38D9A}.Debug|TwinCAT RT (x86).ActiveCfg = Debug|TwinCAT RT (x86)
		{8329C0B3-86F6-486C-8BA1-4F35A3D38D9A}.Debug|TwinCAT RT (x86).Build.0 = Debug|TwinCAT RT (x86)
		{8329C0B3-86F6-486C-8BA1-4F35A3D38D9A}.Release|TwinCAT CE7 (ARMV7).ActiveCfg = Release|TwinCAT CE7 (ARMV7)
		{8329C0B3-86F6-486C-8BA1-4F35A3D38D9A}.Release|TwinCAT CE7 (ARMV7).Build.0 = Release|TwinCAT CE7 (ARMV7)
		{8329C0B3-86F6-486C-8BA1-4F35A3D38D9A}.Release|TwinCAT OS (ARMT2).ActiveCfg = Release|TwinCAT OS (ARMT2)
		{8329C0B3-86F6-486C-8BA1-4F35A3D38D9A}.Release|TwinCAT OS (ARMT2).Build.0 = Release|TwinCAT OS (ARMT2)
		{8329C0B3-86F6-486C-8BA1-4F35A3D38D9A}.Release|TwinCAT RT (x64).ActiveCfg = Release|TwinCAT RT (x64)
		{8329C0B3-86F6-486C-8BA1-4F35A3D38D9A}.Release|TwinCAT RT (x64).Build.0 = Release|TwinCAT RT (x64)
		{8329C0B3-86F6-486C-8BA1-4F35A3D38D9A}.Release|TwinCAT RT (x86).ActiveCfg = Release|TwinCAT RT (x86)
		{8329C0B3-86F6-486C-8BA1-4F35A3D38D9A}.Release|TwinCAT RT (x86).Build.0 = Release|TwinCAT RT (x86)
		{5664FAFF-4C5C-4B52-AEE6-CD4F32D06FD6}.Debug|TwinCAT CE7 (ARMV7).ActiveCfg = Debug|TwinCAT CE7 (ARMV7)
		{5664FAFF-4C5C-4B52-AEE6-CD4F32D06FD6}.Debug|TwinCAT OS (ARMT2).ActiveCfg = Debug|TwinCAT OS (ARMT2)
		{5664FAFF-4C5C-4B52-AEE6-CD4F32D06FD6}.Debug|TwinCAT RT (x64).ActiveCfg = Debug|TwinCAT RT (x64)
		{5664FAFF-4C5C-4B52-AEE6-CD4F32D06FD6}.Debug|TwinCAT RT (x86).ActiveCfg = Debug|TwinCAT RT (x86)
		{5664FAFF-4C5C-4B52-AEE6-CD4F32D06FD6}.Release|TwinCAT CE7 (ARMV7).ActiveCfg = Release|TwinCAT CE7 (ARMV7)
		{5664FAFF-4C5C-4B52-AEE6-CD4F32D06FD6}.Release|TwinCAT OS (ARMT2).ActiveCfg = Release|TwinCAT OS (ARMT2)
		{5664FAFF-4C5C-4B52-AEE6-CD4F32D06FD6}.Release|TwinCAT RT (x64).ActiveCfg = Release|TwinCAT RT (x64)
		{5664FAFF-4C5C-4B52-AEE6-CD4F32D06FD6}.Release|TwinCAT RT (x86).ActiveCfg = Release|TwinCAT RT (x86)
		{4E494D0C-D4F4-45C0-B282-92EA7FF3B23C}.Debug|TwinCAT CE7 (ARMV7).ActiveCfg = Debug|TwinCAT CE7 (ARMV7)
		{4E494D0C-D4F4-45C0-B282-92EA7FF3B23C}.Debug|TwinCAT CE7 (ARMV7).Build.0 = Debug|TwinCAT CE7 (ARMV7)
		{4E494D0C-D4F4-45C0-B282-92EA7FF3B23C}.Debug|TwinCAT OS (ARMT2).ActiveCfg = Debug|TwinCAT OS (ARMT2)
		{4E494D0C-D4F4-45C0-B282-92EA7FF3B23C}.Debug|TwinCAT OS (ARMT2).Build.0 = Debug|TwinCAT OS (ARMT2)
		{4E494D0C-D4F4-45C0-B282-92EA7FF3B23C}.Debug|TwinCAT RT (x64).ActiveCfg = Debug|TwinCAT RT (x64)
		{4E494D0C-D4F4-45C0-B282-92EA7FF3B23C}.Debug|TwinCAT RT (x64).Build.0 = Debug|TwinCAT RT (x64)
		{4E494D0C-D4F4-45C0-B282-92EA7FF3B23C}.Debug|TwinCAT RT (x86).ActiveCfg = Debug|TwinCAT RT (x86)
		{4E494D0C-D4F4-45C0-B282-92EA7FF3B23C}.Debug|TwinCAT RT (x86).Build.0 = Debug|TwinCAT RT (x86)
		{4E494D0C-D4F4-45C0-B282-92EA7FF3B23C}.Release|TwinCAT CE7 (ARMV7).ActiveCfg = Release|TwinCAT CE7 (ARMV7)
		{4E494D0C-D4F4-45C0-B282-92EA7FF3B23C}.Release|TwinCAT CE7 (ARMV7).Build.0 = Release|TwinCAT CE7 (ARMV7)
		{4E494D0C-D4F4-45C0-B282-92EA7FF3B23C}.Release|TwinCAT OS (ARMT2).ActiveCfg = Release|TwinCAT OS (ARMT2)
		{4E494D0C-D4F4-45C0-B282-92EA7FF3B23C}.Release|TwinCAT OS (ARMT2).Build.0 = Release|TwinCAT OS (ARMT2)
		{4E494D0C-D4F4-45C0-B282-92EA7FF3B23C}.Release|TwinCAT RT (x64).ActiveCfg = Release|TwinCAT RT (x64)
		{4E494D0C-D4F4-45C0-B282-92EA7FF3B23C}.Release|TwinCAT RT (x64).Build.0 = Release|TwinCAT RT (x64)
		{4E494D0C-D4F4-45C0-B282-92EA7FF3B23C}.Release|TwinCAT RT (x86).ActiveCfg = Release|TwinCAT RT (x86)
		{4E494D0C-D4F4-45C0-B282-92EA7FF3B23C}.Release|TwinCAT RT (x86).Build.0 = Release|TwinCAT RT (x86)
		{6036E6EF-E0ED-4D41-BFCF-5B60AD71A3FE}.Debug|TwinCAT CE7 (ARMV7).ActiveCfg = Debug|TwinCAT CE7 (ARMV7)
		{6036E6EF-E0ED-4D41-BFCF-5B60AD71A3FE}.Debug|TwinCAT CE7 (ARMV7).Build.0 = Debug|TwinCAT CE7 (ARMV7)
		{6036E6EF-E0ED-4D41-BFCF-5B60AD71A3FE}.Debug|TwinCAT OS (ARMT2).ActiveCfg = Debug|TwinCAT OS (ARMT2)
		{6036E6EF-E0ED-4D41-BFCF-5B60AD71A3FE}.Debug|TwinCAT OS (ARMT2).Build.0 = Debug|TwinCAT OS (ARMT2)
		{6036E6EF-E0ED-4D41-BFCF-5B60AD71A3FE}.Debug|TwinCAT RT (x64).ActiveCfg = Debug|TwinCAT RT (x64)
		{6036E6EF-E0ED-4D41-BFCF-5B60AD71A3FE}.Debug|TwinCAT RT (x64).Build.0 = Debug|TwinCAT RT (x64)
		{6036E6EF-E0ED-4D41-BFCF-5B60AD71A3FE}.Debug|TwinCAT RT (x86).ActiveCfg = Debug|TwinCAT RT (x86)
		{6036E6EF-E0ED-4D41-BFCF-5B60AD71A3FE}.Debug|TwinCAT RT (x86).Build.0 = Debug|TwinCAT RT (x86)
		{6036E6EF-E0ED-4D41-BFCF-5B60AD71A3FE}.Release|TwinCAT CE7 (ARMV7).ActiveCfg = Release|TwinCAT CE7 (ARMV7)
		{6036E6EF-E0ED-4D41-BFCF-5B60AD71A3FE}.Release|TwinCAT CE7 (ARMV7).Build.0 = Release|TwinCAT CE7 (ARMV7)
		{6036E6EF-E0ED-4D41-BFCF-5B60AD71A3FE}.Release|TwinCAT OS (ARMT2).ActiveCfg = Release|TwinCAT OS (ARMT2)
		{6036E6EF-E0ED-4D41-BFCF-5B60AD71A3FE}.Release|TwinCAT OS (ARMT2).Build.0 = Release|TwinCAT OS (ARMT2)
		{6036E6EF-E0ED-4D41-BFCF-5B60AD71A3FE}.Release|TwinCAT RT (x64).ActiveCfg = Release|TwinCAT RT (x64)
		{6036E6EF-E0ED-4D41-BFCF-5B60AD71A3FE}.Release|TwinCAT RT (x64).Build.0 = Release|TwinCAT RT (x64)
		{6036E6EF-E0ED-4D41-BFCF-5B60AD71A3FE}.Release|TwinCAT RT (x86).ActiveCfg = Release|TwinCAT RT (x86)
		{6036E6EF-E0ED-4D41-BFCF-5B60AD71A3FE}.Release|TwinCAT RT (x86).Build.0 = Release|TwinCAT RT (x86)
	EndGlobalSection
	GlobalSection(SolutionProperties) = preSolution
		HideSolutionNode = FALSE
	EndGlobalSection
	GlobalSection(ExtensibilityGlobals) = postSolution
		SolutionGuid = {5326705A-0F48-4064-B0E7-7C1FD37B500A}
	EndGlobalSection
EndGlobal
